
Microsoft Visual Studio Solution File, Format Version 12.00
# Visual Studio Version 16
VisualStudioVersion = 16.0.29613.14
MinimumVisualStudioVersion = 10.0.40219.1
Project("{FAE04EC0-301F-11D3-BF4B-00C04F79EFBC}") = "ConsumablesCabinet", "ConsumablesCabinet\ConsumablesCabinet.csproj", "{30CEE91B-E845-449C-86BF-C54482DB073A}"
	ProjectSection(ProjectDependencies) = postProject
		{B2D5ECC2-2901-4067-863E-09B235E1B5E5} = {B2D5ECC2-2901-4067-863E-09B235E1B5E5}
	EndProjectSection
EndProject
Project("{FAE04EC0-301F-11D3-BF4B-00C04F79EFBC}") = "PublicResources", "PublicResources\PublicResources.csproj", "{B2D5ECC2-2901-4067-863E-09B235E1B5E5}"
EndProject
Project("{FAE04EC0-301F-11D3-BF4B-00C04F79EFBC}") = "TestMode", "TestMode\TestMode.csproj", "{A7A92BAE-99F2-48F5-9AB9-22DAE3984E87}"
EndProject
Project("{FAE04EC0-301F-11D3-BF4B-00C04F79EFBC}") = "DisplayMode", "DisplayMode\DisplayMode.csproj", "{99055D3E-9F8E-4ECA-BD94-FE02EC799195}"
EndProject
Project("{FAE04EC0-301F-11D3-BF4B-00C04F79EFBC}") = "Module_ControlBoard", "Module_ControlBoard\Module_ControlBoard.csproj", "{E6A10544-AB3A-4FDF-9887-F96EDB5EC804}"
EndProject
Project("{FAE04EC0-301F-11D3-BF4B-00C04F79EFBC}") = "Module_Camera", "Module_Camera\Module_Camera.csproj", "{F917963B-78A0-41D5-9D0E-C00C634F703D}"
EndProject
Project("{FAE04EC0-301F-11D3-BF4B-00C04F79EFBC}") = "Module_DigitalVein", "Module_DigitalVein\Module_DigitalVein.csproj", "{1936EB9E-C026-4086-967A-5099BB09DF9D}"
EndProject
Project("{FAE04EC0-301F-11D3-BF4B-00C04F79EFBC}") = "Module_IDCard", "Module_IDCard\Module_IDCard.csproj", "{8AF68BB7-C8F0-4CF3-8617-264F9859F318}"
EndProject
Project("{FAE04EC0-301F-11D3-BF4B-00C04F79EFBC}") = "Module_QRCode", "Module_QRCode\Module_QRCode.csproj", "{112240F9-C43B-473F-8719-B1AB0C010438}"
EndProject
Project("{FAE04EC0-301F-11D3-BF4B-00C04F79EFBC}") = "Module_UHF_RFID", "Module_UHF_RFID\Module_UHF_RFID.csproj", "{46F38CFE-F49A-44C0-AEDE-3E1EADC08DC1}"
EndProject
Project("{FAE04EC0-301F-11D3-BF4B-00C04F79EFBC}") = "Module_Connected", "Module_Connected\Module_Connected.csproj", "{E585C560-C58A-4409-BF4E-E6938E350D81}"
EndProject
Project("{FAE04EC0-301F-11D3-BF4B-00C04F79EFBC}") = "WpfApp1", "WpfApp1\WpfApp1.csproj", "{1F9A460D-ADB1-4825-BB46-52463C535767}"
EndProject
Global
	GlobalSection(SolutionConfigurationPlatforms) = preSolution
		Debug|Any CPU = Debug|Any CPU
		Debug|ARM = Debug|ARM
		Debug|ARM64 = Debug|ARM64
		Debug|x64 = Debug|x64
		Debug|x86 = Debug|x86
		Release|Any CPU = Release|Any CPU
		Release|ARM = Release|ARM
		Release|ARM64 = Release|ARM64
		Release|x64 = Release|x64
		Release|x86 = Release|x86
	EndGlobalSection
	GlobalSection(ProjectConfigurationPlatforms) = postSolution
		{30CEE91B-E845-449C-86BF-C54482DB073A}.Debug|Any CPU.ActiveCfg = Debug|Any CPU
		{30CEE91B-E845-449C-86BF-C54482DB073A}.Debug|Any CPU.Build.0 = Debug|Any CPU
		{30CEE91B-E845-449C-86BF-C54482DB073A}.Debug|ARM.ActiveCfg = Debug|Any CPU
		{30CEE91B-E845-449C-86BF-C54482DB073A}.Debug|ARM.Build.0 = Debug|Any CPU
		{30CEE91B-E845-449C-86BF-C54482DB073A}.Debug|ARM64.ActiveCfg = Debug|Any CPU
		{30CEE91B-E845-449C-86BF-C54482DB073A}.Debug|ARM64.Build.0 = Debug|Any CPU
		{30CEE91B-E845-449C-86BF-C54482DB073A}.Debug|x64.ActiveCfg = Debug|Any CPU
		{30CEE91B-E845-449C-86BF-C54482DB073A}.Debug|x64.Build.0 = Debug|Any CPU
		{30CEE91B-E845-449C-86BF-C54482DB073A}.Debug|x86.ActiveCfg = Debug|Any CPU
		{30CEE91B-E845-449C-86BF-C54482DB073A}.Debug|x86.Build.0 = Debug|Any CPU
		{30CEE91B-E845-449C-86BF-C54482DB073A}.Release|Any CPU.ActiveCfg = Release|Any CPU
		{30CEE91B-E845-449C-86BF-C54482DB073A}.Release|Any CPU.Build.0 = Release|Any CPU
		{30CEE91B-E845-449C-86BF-C54482DB073A}.Release|ARM.ActiveCfg = Release|Any CPU
		{30CEE91B-E845-449C-86BF-C54482DB073A}.Release|ARM.Build.0 = Release|Any CPU
		{30CEE91B-E845-449C-86BF-C54482DB073A}.Release|ARM64.ActiveCfg = Release|Any CPU
		{30CEE91B-E845-449C-86BF-C54482DB073A}.Release|ARM64.Build.0 = Release|Any CPU
		{30CEE91B-E845-449C-86BF-C54482DB073A}.Release|x64.ActiveCfg = Release|Any CPU
		{30CEE91B-E845-449C-86BF-C54482DB073A}.Release|x64.Build.0 = Release|Any CPU
		{30CEE91B-E845-449C-86BF-C54482DB073A}.Release|x86.ActiveCfg = Release|Any CPU
		{30CEE91B-E845-449C-86BF-C54482DB073A}.Release|x86.Build.0 = Release|Any CPU
		{B2D5ECC2-2901-4067-863E-09B235E1B5E5}.Debug|Any CPU.ActiveCfg = Debug|Any CPU
		{B2D5ECC2-2901-4067-863E-09B235E1B5E5}.Debug|Any CPU.Build.0 = Debug|Any CPU
		{B2D5ECC2-2901-4067-863E-09B235E1B5E5}.Debug|ARM.ActiveCfg = Debug|Any CPU
		{B2D5ECC2-2901-4067-863E-09B235E1B5E5}.Debug|ARM.Build.0 = Debug|Any CPU
		{B2D5ECC2-2901-4067-863E-09B235E1B5E5}.Debug|ARM64.ActiveCfg = Debug|Any CPU
		{B2D5ECC2-2901-4067-863E-09B235E1B5E5}.Debug|ARM64.Build.0 = Debug|Any CPU
		{B2D5ECC2-2901-4067-863E-09B235E1B5E5}.Debug|x64.ActiveCfg = Debug|Any CPU
		{B2D5ECC2-2901-4067-863E-09B235E1B5E5}.Debug|x64.Build.0 = Debug|Any CPU
		{B2D5ECC2-2901-4067-863E-09B235E1B5E5}.Debug|x86.ActiveCfg = Debug|Any CPU
		{B2D5ECC2-2901-4067-863E-09B235E1B5E5}.Debug|x86.Build.0 = Debug|Any CPU
		{B2D5ECC2-2901-4067-863E-09B235E1B5E5}.Release|Any CPU.ActiveCfg = Release|Any CPU
		{B2D5ECC2-2901-4067-863E-09B235E1B5E5}.Release|Any CPU.Build.0 = Release|Any CPU
		{B2D5ECC2-2901-4067-863E-09B235E1B5E5}.Release|ARM.ActiveCfg = Release|Any CPU
		{B2D5ECC2-2901-4067-863E-09B235E1B5E5}.Release|ARM.Build.0 = Release|Any CPU
		{B2D5ECC2-2901-4067-863E-09B235E1B5E5}.Release|ARM64.ActiveCfg = Release|Any CPU
		{B2D5ECC2-2901-4067-863E-09B235E1B5E5}.Release|ARM64.Build.0 = Release|Any CPU
		{B2D5ECC2-2901-4067-863E-09B235E1B5E5}.Release|x64.ActiveCfg = Release|Any CPU
		{B2D5ECC2-2901-4067-863E-09B235E1B5E5}.Release|x64.Build.0 = Release|Any CPU
		{B2D5ECC2-2901-4067-863E-09B235E1B5E5}.Release|x86.ActiveCfg = Release|Any CPU
		{B2D5ECC2-2901-4067-863E-09B235E1B5E5}.Release|x86.Build.0 = Release|Any CPU
		{A7A92BAE-99F2-48F5-9AB9-22DAE3984E87}.Debug|Any CPU.ActiveCfg = Debug|Any CPU
		{A7A92BAE-99F2-48F5-9AB9-22DAE3984E87}.Debug|Any CPU.Build.0 = Debug|Any CPU
		{A7A92BAE-99F2-48F5-9AB9-22DAE3984E87}.Debug|ARM.ActiveCfg = Debug|Any CPU
		{A7A92BAE-99F2-48F5-9AB9-22DAE3984E87}.Debug|ARM.Build.0 = Debug|Any CPU
		{A7A92BAE-99F2-48F5-9AB9-22DAE3984E87}.Debug|ARM64.ActiveCfg = Debug|Any CPU
		{A7A92BAE-99F2-48F5-9AB9-22DAE3984E87}.Debug|ARM64.Build.0 = Debug|Any CPU
		{A7A92BAE-99F2-48F5-9AB9-22DAE3984E87}.Debug|x64.ActiveCfg = Debug|Any CPU
		{A7A92BAE-99F2-48F5-9AB9-22DAE3984E87}.Debug|x64.Build.0 = Debug|Any CPU
		{A7A92BAE-99F2-48F5-9AB9-22DAE3984E87}.Debug|x86.ActiveCfg = Debug|Any CPU
		{A7A92BAE-99F2-48F5-9AB9-22DAE3984E87}.Debug|x86.Build.0 = Debug|Any CPU
		{A7A92BAE-99F2-48F5-9AB9-22DAE3984E87}.Release|Any CPU.ActiveCfg = Release|Any CPU
		{A7A92BAE-99F2-48F5-9AB9-22DAE3984E87}.Release|Any CPU.Build.0 = Release|Any CPU
		{A7A92BAE-99F2-48F5-9AB9-22DAE3984E87}.Release|ARM.ActiveCfg = Release|Any CPU
		{A7A92BAE-99F2-48F5-9AB9-22DAE3984E87}.Release|ARM.Build.0 = Release|Any CPU
		{A7A92BAE-99F2-48F5-9AB9-22DAE3984E87}.Release|ARM64.ActiveCfg = Release|Any CPU
		{A7A92BAE-99F2-48F5-9AB9-22DAE3984E87}.Release|ARM64.Build.0 = Release|Any CPU
		{A7A92BAE-99F2-48F5-9AB9-22DAE3984E87}.Release|x64.ActiveCfg = Release|Any CPU
		{A7A92BAE-99F2-48F5-9AB9-22DAE3984E87}.Release|x64.Build.0 = Release|Any CPU
		{A7A92BAE-99F2-48F5-9AB9-22DAE3984E87}.Release|x86.ActiveCfg = Release|Any CPU
		{A7A92BAE-99F2-48F5-9AB9-22DAE3984E87}.Release|x86.Build.0 = Release|Any CPU
		{99055D3E-9F8E-4ECA-BD94-FE02EC799195}.Debug|Any CPU.ActiveCfg = Debug|Any CPU
		{99055D3E-9F8E-4ECA-BD94-FE02EC799195}.Debug|Any CPU.Build.0 = Debug|Any CPU
		{99055D3E-9F8E-4ECA-BD94-FE02EC799195}.Debug|ARM.ActiveCfg = Debug|Any CPU
		{99055D3E-9F8E-4ECA-BD94-FE02EC799195}.Debug|ARM.Build.0 = Debug|Any CPU
		{99055D3E-9F8E-4ECA-BD94-FE02EC799195}.Debug|ARM64.ActiveCfg = Debug|Any CPU
		{99055D3E-9F8E-4ECA-BD94-FE02EC799195}.Debug|ARM64.Build.0 = Debug|Any CPU
		{99055D3E-9F8E-4ECA-BD94-FE02EC799195}.Debug|x64.ActiveCfg = Debug|Any CPU
		{99055D3E-9F8E-4ECA-BD94-FE02EC799195}.Debug|x64.Build.0 = Debug|Any CPU
		{99055D3E-9F8E-4ECA-BD94-FE02EC799195}.Debug|x86.ActiveCfg = Debug|Any CPU
		{99055D3E-9F8E-4ECA-BD94-FE02EC799195}.Debug|x86.Build.0 = Debug|Any CPU
		{99055D3E-9F8E-4ECA-BD94-FE02EC799195}.Release|Any CPU.ActiveCfg = Release|Any CPU
		{99055D3E-9F8E-4ECA-BD94-FE02EC799195}.Release|Any CPU.Build.0 = Release|Any CPU
		{99055D3E-9F8E-4ECA-BD94-FE02EC799195}.Release|ARM.ActiveCfg = Release|Any CPU
		{99055D3E-9F8E-4ECA-BD94-FE02EC799195}.Release|ARM.Build.0 = Release|Any CPU
		{99055D3E-9F8E-4ECA-BD94-FE02EC799195}.Release|ARM64.ActiveCfg = Release|Any CPU
		{99055D3E-9F8E-4ECA-BD94-FE02EC799195}.Release|ARM64.Build.0 = Release|Any CPU
		{99055D3E-9F8E-4ECA-BD94-FE02EC799195}.Release|x64.ActiveCfg = Release|Any CPU
		{99055D3E-9F8E-4ECA-BD94-FE02EC799195}.Release|x64.Build.0 = Release|Any CPU
		{99055D3E-9F8E-4ECA-BD94-FE02EC799195}.Release|x86.ActiveCfg = Release|Any CPU
		{99055D3E-9F8E-4ECA-BD94-FE02EC799195}.Release|x86.Build.0 = Release|Any CPU
		{E6A10544-AB3A-4FDF-9887-F96EDB5EC804}.Debug|Any CPU.ActiveCfg = Debug|Any CPU
		{E6A10544-AB3A-4FDF-9887-F96EDB5EC804}.Debug|Any CPU.Build.0 = Debug|Any CPU
		{E6A10544-AB3A-4FDF-9887-F96EDB5EC804}.Debug|ARM.ActiveCfg = Debug|Any CPU
		{E6A10544-AB3A-4FDF-9887-F96EDB5EC804}.Debug|ARM.Build.0 = Debug|Any CPU
		{E6A10544-AB3A-4FDF-9887-F96EDB5EC804}.Debug|ARM64.ActiveCfg = Debug|Any CPU
		{E6A10544-AB3A-4FDF-9887-F96EDB5EC804}.Debug|ARM64.Build.0 = Debug|Any CPU
		{E6A10544-AB3A-4FDF-9887-F96EDB5EC804}.Debug|x64.ActiveCfg = Debug|Any CPU
		{E6A10544-AB3A-4FDF-9887-F96EDB5EC804}.Debug|x64.Build.0 = Debug|Any CPU
		{E6A10544-AB3A-4FDF-9887-F96EDB5EC804}.Debug|x86.ActiveCfg = Debug|Any CPU
		{E6A10544-AB3A-4FDF-9887-F96EDB5EC804}.Debug|x86.Build.0 = Debug|Any CPU
		{E6A10544-AB3A-4FDF-9887-F96EDB5EC804}.Release|Any CPU.ActiveCfg = Release|Any CPU
		{E6A10544-AB3A-4FDF-9887-F96EDB5EC804}.Release|Any CPU.Build.0 = Release|Any CPU
		{E6A10544-AB3A-4FDF-9887-F96EDB5EC804}.Release|ARM.ActiveCfg = Release|Any CPU
		{E6A10544-AB3A-4FDF-9887-F96EDB5EC804}.Release|ARM.Build.0 = Release|Any CPU
		{E6A10544-AB3A-4FDF-9887-F96EDB5EC804}.Release|ARM64.ActiveCfg = Release|Any CPU
		{E6A10544-AB3A-4FDF-9887-F96EDB5EC804}.Release|ARM64.Build.0 = Release|Any CPU
		{E6A10544-AB3A-4FDF-9887-F96EDB5EC804}.Release|x64.ActiveCfg = Release|Any CPU
		{E6A10544-AB3A-4FDF-9887-F96EDB5EC804}.Release|x64.Build.0 = Release|Any CPU
		{E6A10544-AB3A-4FDF-9887-F96EDB5EC804}.Release|x86.ActiveCfg = Release|Any CPU
		{E6A10544-AB3A-4FDF-9887-F96EDB5EC804}.Release|x86.Build.0 = Release|Any CPU
		{F917963B-78A0-41D5-9D0E-C00C634F703D}.Debug|Any CPU.ActiveCfg = Debug|Any CPU
		{F917963B-78A0-41D5-9D0E-C00C634F703D}.Debug|Any CPU.Build.0 = Debug|Any CPU
		{F917963B-78A0-41D5-9D0E-C00C634F703D}.Debug|ARM.ActiveCfg = Debug|Any CPU
		{F917963B-78A0-41D5-9D0E-C00C634F703D}.Debug|ARM.Build.0 = Debug|Any CPU
		{F917963B-78A0-41D5-9D0E-C00C634F703D}.Debug|ARM64.ActiveCfg = Debug|Any CPU
		{F917963B-78A0-41D5-9D0E-C00C634F703D}.Debug|ARM64.Build.0 = Debug|Any CPU
		{F917963B-78A0-41D5-9D0E-C00C634F703D}.Debug|x64.ActiveCfg = Debug|Any CPU
		{F917963B-78A0-41D5-9D0E-C00C634F703D}.Debug|x64.Build.0 = Debug|Any CPU
		{F917963B-78A0-41D5-9D0E-C00C634F703D}.Debug|x86.ActiveCfg = Debug|Any CPU
		{F917963B-78A0-41D5-9D0E-C00C634F703D}.Debug|x86.Build.0 = Debug|Any CPU
		{F917963B-78A0-41D5-9D0E-C00C634F703D}.Release|Any CPU.ActiveCfg = Release|Any CPU
		{F917963B-78A0-41D5-9D0E-C00C634F703D}.Release|Any CPU.Build.0 = Release|Any CPU
		{F917963B-78A0-41D5-9D0E-C00C634F703D}.Release|ARM.ActiveCfg = Release|Any CPU
		{F917963B-78A0-41D5-9D0E-C00C634F703D}.Release|ARM.Build.0 = Release|Any CPU
		{F917963B-78A0-41D5-9D0E-C00C634F703D}.Release|ARM64.ActiveCfg = Release|Any CPU
		{F917963B-78A0-41D5-9D0E-C00C634F703D}.Release|ARM64.Build.0 = Release|Any CPU
		{F917963B-78A0-41D5-9D0E-C00C634F703D}.Release|x64.ActiveCfg = Release|Any CPU
		{F917963B-78A0-41D5-9D0E-C00C634F703D}.Release|x64.Build.0 = Release|Any CPU
		{F917963B-78A0-41D5-9D0E-C00C634F703D}.Release|x86.ActiveCfg = Release|Any CPU
		{F917963B-78A0-41D5-9D0E-C00C634F703D}.Release|x86.Build.0 = Release|Any CPU
		{1936EB9E-C026-4086-967A-5099BB09DF9D}.Debug|Any CPU.ActiveCfg = Debug|Any CPU
		{1936EB9E-C026-4086-967A-5099BB09DF9D}.Debug|Any CPU.Build.0 = Debug|Any CPU
		{1936EB9E-C026-4086-967A-5099BB09DF9D}.Debug|ARM.ActiveCfg = Debug|Any CPU
		{1936EB9E-C026-4086-967A-5099BB09DF9D}.Debug|ARM.Build.0 = Debug|Any CPU
		{1936EB9E-C026-4086-967A-5099BB09DF9D}.Debug|ARM64.ActiveCfg = Debug|Any CPU
		{1936EB9E-C026-4086-967A-5099BB09DF9D}.Debug|ARM64.Build.0 = Debug|Any CPU
		{1936EB9E-C026-4086-967A-5099BB09DF9D}.Debug|x64.ActiveCfg = Debug|Any CPU
		{1936EB9E-C026-4086-967A-5099BB09DF9D}.Debug|x64.Build.0 = Debug|Any CPU
		{1936EB9E-C026-4086-967A-5099BB09DF9D}.Debug|x86.ActiveCfg = Debug|Any CPU
		{1936EB9E-C026-4086-967A-5099BB09DF9D}.Debug|x86.Build.0 = Debug|Any CPU
		{1936EB9E-C026-4086-967A-5099BB09DF9D}.Release|Any CPU.ActiveCfg = Release|Any CPU
		{1936EB9E-C026-4086-967A-5099BB09DF9D}.Release|Any CPU.Build.0 = Release|Any CPU
		{1936EB9E-C026-4086-967A-5099BB09DF9D}.Release|ARM.ActiveCfg = Release|Any CPU
		{1936EB9E-C026-4086-967A-5099BB09DF9D}.Release|ARM.Build.0 = Release|Any CPU
		{1936EB9E-C026-4086-967A-5099BB09DF9D}.Release|ARM64.ActiveCfg = Release|Any CPU
		{1936EB9E-C026-4086-967A-5099BB09DF9D}.Release|ARM64.Build.0 = Release|Any CPU
		{1936EB9E-C026-4086-967A-5099BB09DF9D}.Release|x64.ActiveCfg = Release|Any CPU
		{1936EB9E-C026-4086-967A-5099BB09DF9D}.Release|x64.Build.0 = Release|Any CPU
		{1936EB9E-C026-4086-967A-5099BB09DF9D}.Release|x86.ActiveCfg = Release|Any CPU
		{1936EB9E-C026-4086-967A-5099BB09DF9D}.Release|x86.Build.0 = Release|Any CPU
		{8AF68BB7-C8F0-4CF3-8617-264F9859F318}.Debug|Any CPU.ActiveCfg = Debug|Any CPU
		{8AF68BB7-C8F0-4CF3-8617-264F9859F318}.Debug|Any CPU.Build.0 = Debug|Any CPU
		{8AF68BB7-C8F0-4CF3-8617-264F9859F318}.Debug|ARM.ActiveCfg = Debug|Any CPU
		{8AF68BB7-C8F0-4CF3-8617-264F9859F318}.Debug|ARM.Build.0 = Debug|Any CPU
		{8AF68BB7-C8F0-4CF3-8617-264F9859F318}.Debug|ARM64.ActiveCfg = Debug|Any CPU
		{8AF68BB7-C8F0-4CF3-8617-264F9859F318}.Debug|ARM64.Build.0 = Debug|Any CPU
		{8AF68BB7-C8F0-4CF3-8617-264F9859F318}.Debug|x64.ActiveCfg = Debug|Any CPU
		{8AF68BB7-C8F0-4CF3-8617-264F9859F318}.Debug|x64.Build.0 = Debug|Any CPU
		{8AF68BB7-C8F0-4CF3-8617-264F9859F318}.Debug|x86.ActiveCfg = Debug|Any CPU
		{8AF68BB7-C8F0-4CF3-8617-264F9859F318}.Debug|x86.Build.0 = Debug|Any CPU
		{8AF68BB7-C8F0-4CF3-8617-264F9859F318}.Release|Any CPU.ActiveCfg = Release|Any CPU
		{8AF68BB7-C8F0-4CF3-8617-264F9859F318}.Release|Any CPU.Build.0 = Release|Any CPU
		{8AF68BB7-C8F0-4CF3-8617-264F9859F318}.Release|ARM.ActiveCfg = Release|Any CPU
		{8AF68BB7-C8F0-4CF3-8617-264F9859F318}.Release|ARM.Build.0 = Release|Any CPU
		{8AF68BB7-C8F0-4CF3-8617-264F9859F318}.Release|ARM64.ActiveCfg = Release|Any CPU
		{8AF68BB7-C8F0-4CF3-8617-264F9859F318}.Release|ARM64.Build.0 = Release|Any CPU
		{8AF68BB7-C8F0-4CF3-8617-264F9859F318}.Release|x64.ActiveCfg = Release|Any CPU
		{8AF68BB7-C8F0-4CF3-8617-264F9859F318}.Release|x64.Build.0 = Release|Any CPU
		{8AF68BB7-C8F0-4CF3-8617-264F9859F318}.Release|x86.ActiveCfg = Release|Any CPU
		{8AF68BB7-C8F0-4CF3-8617-264F9859F318}.Release|x86.Build.0 = Release|Any CPU
		{112240F9-C43B-473F-8719-B1AB0C010438}.Debug|Any CPU.ActiveCfg = Debug|Any CPU
		{112240F9-C43B-473F-8719-B1AB0C010438}.Debug|Any CPU.Build.0 = Debug|Any CPU
		{112240F9-C43B-473F-8719-B1AB0C010438}.Debug|ARM.ActiveCfg = Debug|Any CPU
		{112240F9-C43B-473F-8719-B1AB0C010438}.Debug|ARM.Build.0 = Debug|Any CPU
		{112240F9-C43B-473F-8719-B1AB0C010438}.Debug|ARM64.ActiveCfg = Debug|Any CPU
		{112240F9-C43B-473F-8719-B1AB0C010438}.Debug|ARM64.Build.0 = Debug|Any CPU
		{112240F9-C43B-473F-8719-B1AB0C010438}.Debug|x64.ActiveCfg = Debug|Any CPU
		{112240F9-C43B-473F-8719-B1AB0C010438}.Debug|x64.Build.0 = Debug|Any CPU
		{112240F9-C43B-473F-8719-B1AB0C010438}.Debug|x86.ActiveCfg = Debug|Any CPU
		{112240F9-C43B-473F-8719-B1AB0C010438}.Debug|x86.Build.0 = Debug|Any CPU
		{112240F9-C43B-473F-8719-B1AB0C010438}.Release|Any CPU.ActiveCfg = Release|Any CPU
		{112240F9-C43B-473F-8719-B1AB0C010438}.Release|Any CPU.Build.0 = Release|Any CPU
		{112240F9-C43B-473F-8719-B1AB0C010438}.Release|ARM.ActiveCfg = Release|Any CPU
		{112240F9-C43B-473F-8719-B1AB0C010438}.Release|ARM.Build.0 = Release|Any CPU
		{112240F9-C43B-473F-8719-B1AB0C010438}.Release|ARM64.ActiveCfg = Release|Any CPU
		{112240F9-C43B-473F-8719-B1AB0C010438}.Release|ARM64.Build.0 = Release|Any CPU
		{112240F9-C43B-473F-8719-B1AB0C010438}.Release|x64.ActiveCfg = Release|Any CPU
		{112240F9-C43B-473F-8719-B1AB0C010438}.Release|x64.Build.0 = Release|Any CPU
		{112240F9-C43B-473F-8719-B1AB0C010438}.Release|x86.ActiveCfg = Release|Any CPU
		{112240F9-C43B-473F-8719-B1AB0C010438}.Release|x86.Build.0 = Release|Any CPU
		{46F38CFE-F49A-44C0-AEDE-3E1EADC08DC1}.Debug|Any CPU.ActiveCfg = Debug|Any CPU
		{46F38CFE-F49A-44C0-AEDE-3E1EADC08DC1}.Debug|Any CPU.Build.0 = Debug|Any CPU
		{46F38CFE-F49A-44C0-AEDE-3E1EADC08DC1}.Debug|ARM.ActiveCfg = Debug|Any CPU
		{46F38CFE-F49A-44C0-AEDE-3E1EADC08DC1}.Debug|ARM.Build.0 = Debug|Any CPU
		{46F38CFE-F49A-44C0-AEDE-3E1EADC08DC1}.Debug|ARM64.ActiveCfg = Debug|Any CPU
		{46F38CFE-F49A-44C0-AEDE-3E1EADC08DC1}.Debug|ARM64.Build.0 = Debug|Any CPU
		{46F38CFE-F49A-44C0-AEDE-3E1EADC08DC1}.Debug|x64.ActiveCfg = Debug|Any CPU
		{46F38CFE-F49A-44C0-AEDE-3E1EADC08DC1}.Debug|x64.Build.0 = Debug|Any CPU
		{46F38CFE-F49A-44C0-AEDE-3E1EADC08DC1}.Debug|x86.ActiveCfg = Debug|Any CPU
		{46F38CFE-F49A-44C0-AEDE-3E1EADC08DC1}.Debug|x86.Build.0 = Debug|Any CPU
		{46F38CFE-F49A-44C0-AEDE-3E1EADC08DC1}.Release|Any CPU.ActiveCfg = Release|Any CPU
		{46F38CFE-F49A-44C0-AEDE-3E1EADC08DC1}.Release|Any CPU.Build.0 = Release|Any CPU
		{46F38CFE-F49A-44C0-AEDE-3E1EADC08DC1}.Release|ARM.ActiveCfg = Release|Any CPU
		{46F38CFE-F49A-44C0-AEDE-3E1EADC08DC1}.Release|ARM.Build.0 = Release|Any CPU
		{46F38CFE-F49A-44C0-AEDE-3E1EADC08DC1}.Release|ARM64.ActiveCfg = Release|Any CPU
		{46F38CFE-F49A-44C0-AEDE-3E1EADC08DC1}.Release|ARM64.Build.0 = Release|Any CPU
		{46F38CFE-F49A-44C0-AEDE-3E1EADC08DC1}.Release|x64.ActiveCfg = Release|Any CPU
		{46F38CFE-F49A-44C0-AEDE-3E1EADC08DC1}.Release|x64.Build.0 = Release|Any CPU
		{46F38CFE-F49A-44C0-AEDE-3E1EADC08DC1}.Release|x86.ActiveCfg = Release|Any CPU
		{46F38CFE-F49A-44C0-AEDE-3E1EADC08DC1}.Release|x86.Build.0 = Release|Any CPU
		{E585C560-C58A-4409-BF4E-E6938E350D81}.Debug|Any CPU.ActiveCfg = Debug|Any CPU
		{E585C560-C58A-4409-BF4E-E6938E350D81}.Debug|Any CPU.Build.0 = Debug|Any CPU
		{E585C560-C58A-4409-BF4E-E6938E350D81}.Debug|ARM.ActiveCfg = Debug|Any CPU
		{E585C560-C58A-4409-BF4E-E6938E350D81}.Debug|ARM.Build.0 = Debug|Any CPU
		{E585C560-C58A-4409-BF4E-E6938E350D81}.Debug|ARM64.ActiveCfg = Debug|Any CPU
		{E585C560-C58A-4409-BF4E-E6938E350D81}.Debug|ARM64.Build.0 = Debug|Any CPU
		{E585C560-C58A-4409-BF4E-E6938E350D81}.Debug|x64.ActiveCfg = Debug|Any CPU
		{E585C560-C58A-4409-BF4E-E6938E350D81}.Debug|x64.Build.0 = Debug|Any CPU
		{E585C560-C58A-4409-BF4E-E6938E350D81}.Debug|x86.ActiveCfg = Debug|Any CPU
		{E585C560-C58A-4409-BF4E-E6938E350D81}.Debug|x86.Build.0 = Debug|Any CPU
		{E585C560-C58A-4409-BF4E-E6938E350D81}.Release|Any CPU.ActiveCfg = Release|Any CPU
		{E585C560-C58A-4409-BF4E-E6938E350D81}.Release|Any CPU.Build.0 = Release|Any CPU
		{E585C560-C58A-4409-BF4E-E6938E350D81}.Release|ARM.ActiveCfg = Release|Any CPU
		{E585C560-C58A-4409-BF4E-E6938E350D81}.Release|ARM.Build.0 = Release|Any CPU
		{E585C560-C58A-4409-BF4E-E6938E350D81}.Release|ARM64.ActiveCfg = Release|Any CPU
		{E585C560-C58A-4409-BF4E-E6938E350D81}.Release|ARM64.Build.0 = Release|Any CPU
		{E585C560-C58A-4409-BF4E-E6938E350D81}.Release|x64.ActiveCfg = Release|Any CPU
		{E585C560-C58A-4409-BF4E-E6938E350D81}.Release|x64.Build.0 = Release|Any CPU
		{E585C560-C58A-4409-BF4E-E6938E350D81}.Release|x86.ActiveCfg = Release|Any CPU
		{E585C560-C58A-4409-BF4E-E6938E350D81}.Release|x86.Build.0 = Release|Any CPU
		{1F9A460D-ADB1-4825-BB46-52463C535767}.Debug|Any CPU.ActiveCfg = Debug|Any CPU
		{1F9A460D-ADB1-4825-BB46-52463C535767}.Debug|Any CPU.Build.0 = Debug|Any CPU
		{1F9A460D-ADB1-4825-BB46-52463C535767}.Debug|ARM.ActiveCfg = Debug|Any CPU
		{1F9A460D-ADB1-4825-BB46-52463C535767}.Debug|ARM.Build.0 = Debug|Any CPU
		{1F9A460D-ADB1-4825-BB46-52463C535767}.Debug|ARM64.ActiveCfg = Debug|Any CPU
		{1F9A460D-ADB1-4825-BB46-52463C535767}.Debug|ARM64.Build.0 = Debug|Any CPU
		{1F9A460D-ADB1-4825-BB46-52463C535767}.Debug|x64.ActiveCfg = Debug|Any CPU
		{1F9A460D-ADB1-4825-BB46-52463C535767}.Debug|x64.Build.0 = Debug|Any CPU
		{1F9A460D-ADB1-4825-BB46-52463C535767}.Debug|x86.ActiveCfg = Debug|Any CPU
		{1F9A460D-ADB1-4825-BB46-52463C535767}.Debug|x86.Build.0 = Debug|Any CPU
		{1F9A460D-ADB1-4825-BB46-52463C535767}.Release|Any CPU.ActiveCfg = Release|Any CPU
		{1F9A460D-ADB1-4825-BB46-52463C535767}.Release|Any CPU.Build.0 = Release|Any CPU
		{1F9A460D-ADB1-4825-BB46-52463C535767}.Release|ARM.ActiveCfg = Release|Any CPU
		{1F9A460D-ADB1-4825-BB46-52463C535767}.Release|ARM.Build.0 = Release|Any CPU
		{1F9A460D-ADB1-4825-BB46-52463C535767}.Release|ARM64.ActiveCfg = Release|Any CPU
		{1F9A460D-ADB1-4825-BB46-52463C535767}.Release|ARM64.Build.0 = Release|Any CPU
		{1F9A460D-ADB1-4825-BB46-52463C535767}.Release|x64.ActiveCfg = Release|Any CPU
		{1F9A460D-ADB1-4825-BB46-52463C535767}.Release|x64.Build.0 = Release|Any CPU
		{1F9A460D-ADB1-4825-BB46-52463C535767}.Release|x86.ActiveCfg = Release|Any CPU
		{1F9A460D-ADB1-4825-BB46-52463C535767}.Release|x86.Build.0 = Release|Any CPU
	EndGlobalSection
	GlobalSection(SolutionProperties) = preSolution
		HideSolutionNode = FALSE
	EndGlobalSection
	GlobalSection(ExtensibilityGlobals) = postSolution
		SolutionGuid = {3773D4EA-DDB9-4B3C-8157-D4D5982AD309}
	EndGlobalSection
EndGlobal
